{
  "nodes": {
    "crane": {
      "inputs": {
        "nixpkgs": [
          "surrealDB",
          "nixpkgs"
        ]
      },
      "locked": {
        "lastModified": 1710886643,
        "narHash": "sha256-saTZuv9YeZ9COHPuj8oedGdUwJZcbQ3vyRqe7NVJMsQ=",
        "owner": "ipetkov",
        "repo": "crane",
        "rev": "5bace74e9a65165c918205cf67ad3977fe79c584",
        "type": "github"
      },
      "original": {
        "owner": "ipetkov",
        "ref": "v0.16.3",
        "repo": "crane",
        "type": "github"
      }
    },
    "fenix": {
      "inputs": {
        "nixpkgs": [
          "surrealDB",
          "nixpkgs"
        ],
        "rust-analyzer-src": "rust-analyzer-src"
      },
      "locked": {
        "lastModified": 1711520562,
        "narHash": "sha256-rVE+5nzGarXDYoXPcySg+/NpkPZu53H3YhtE1nElUhg=",
        "owner": "nix-community",
        "repo": "fenix",
        "rev": "21cf09a640b2a0b8f805aa767f42916c9579776b",
        "type": "github"
      },
      "original": {
        "owner": "nix-community",
        "repo": "fenix",
        "type": "github"
      }
    },
    "flake-compat": {
      "flake": false,
      "locked": {
        "lastModified": 1696426674,
        "narHash": "sha256-kvjfFW7WAETZlt09AgDn1MrtKzP7t90Vf7vypd3OL1U=",
        "owner": "edolstra",
        "repo": "flake-compat",
        "rev": "0f9255e01c2351cc7d116c072cb317785dd33b33",
        "type": "github"
      },
      "original": {
        "owner": "edolstra",
        "repo": "flake-compat",
        "type": "github"
      }
    },
    "flake-utils": {
      "locked": {
        "lastModified": 1652776076,
        "narHash": "sha256-gzTw/v1vj4dOVbpBSJX4J0DwUR6LIyXo7/SuuTJp1kM=",
        "owner": "numtide",
        "repo": "flake-utils",
        "rev": "04c1b180862888302ddfb2e3ad9eaa63afc60cf8",
        "type": "github"
      },
      "original": {
        "owner": "numtide",
        "ref": "v1.0.0",
        "repo": "flake-utils",
        "type": "github"
      }
    },
    "home-manager": {
      "inputs": {
        "nixpkgs": [
          "nixpkgs"
        ]
      },
      "locked": {
        "lastModified": 1714203603,
        "narHash": "sha256-eT7DENhYy7EPLOqHI9zkIMD9RvMCXcqh6gGqOK5BWYQ=",
        "owner": "nix-community",
        "repo": "home-manager",
        "rev": "c1609d584a6b5e9e6a02010f51bd368cb4782f8e",
        "type": "github"
      },
      "original": {
        "owner": "nix-community",
        "repo": "home-manager",
        "type": "github"
      }
    },
    "nix-flatpak": {
      "locked": {
        "lastModified": 1711997375,
        "narHash": "sha256-KvU4gOtuFMS9Il67glRGtdNfguAINT9pCaXtvCL8uI8=",
        "owner": "gmodena",
        "repo": "nix-flatpak",
        "rev": "45bf66f7068db79b552da864c0e87452be624d6c",
        "type": "github"
      },
      "original": {
        "owner": "gmodena",
        "repo": "nix-flatpak",
        "type": "github"
      }
    },
    "nixpkgs": {
      "locked": {
        "lastModified": 1714076141,
        "narHash": "sha256-Drmja/f5MRHZCskS6mvzFqxEaZMeciScCTFxWVLqWEY=",
        "owner": "nixos",
        "repo": "nixpkgs",
        "rev": "7bb2ccd8cdc44c91edba16c48d2c8f331fb3d856",
        "type": "github"
      },
      "original": {
        "owner": "nixos",
        "ref": "nixos-unstable",
        "repo": "nixpkgs",
        "type": "github"
      }
    },
    "nixpkgs-stable": {
      "locked": {
        "lastModified": 1713995372,
        "narHash": "sha256-fFE3M0vCoiSwCX02z8VF58jXFRj9enYUSTqjyHAjrds=",
        "owner": "nixos",
        "repo": "nixpkgs",
        "rev": "dd37924974b9202f8226ed5d74a252a9785aedf8",
        "type": "github"
      },
      "original": {
        "owner": "nixos",
        "ref": "nixos-23.11",
        "repo": "nixpkgs",
        "type": "github"
      }
    },
    "nixpkgs_2": {
      "locked": {
        "lastModified": 1711481231,
        "narHash": "sha256-J/fW3Xhm3WsJPNd8ksZmfMnol5aOG2qEMDPbOnNNdTQ=",
        "owner": "NixOS",
        "repo": "nixpkgs",
        "rev": "9d6ddb13cee3cc1192e4430277708c732685f38a",
        "type": "github"
      },
      "original": {
        "owner": "NixOS",
        "ref": "nixos-23.11-small",
        "repo": "nixpkgs",
        "type": "github"
      }
    },
    "root": {
      "inputs": {
        "home-manager": "home-manager",
        "nix-flatpak": "nix-flatpak",
        "nixpkgs": "nixpkgs",
        "nixpkgs-stable": "nixpkgs-stable",
        "surrealDB": "surrealDB"
      }
    },
    "rust-analyzer-src": {
      "flake": false,
      "locked": {
        "lastModified": 1711443624,
        "narHash": "sha256-K5aLPjCF3A9ArczT5X/CKo1bfQEwGK5CsJ3eYHIjEnk=",
        "owner": "rust-lang",
        "repo": "rust-analyzer",
        "rev": "4b33850c39049047e2deb4269b60bd8330b68031",
        "type": "github"
      },
      "original": {
        "owner": "rust-lang",
        "ref": "nightly",
        "repo": "rust-analyzer",
        "type": "github"
      }
    },
    "surrealDB": {
      "inputs": {
        "crane": "crane",
        "fenix": "fenix",
        "flake-compat": "flake-compat",
        "flake-utils": "flake-utils",
        "nixpkgs": "nixpkgs_2"
      },
      "locked": {
        "lastModified": 1714500594,
        "narHash": "sha256-Sj9Bl6OEuzDhwFaVpcLhxOy1GFJwouPWeI05GQRYgBM=",
        "owner": "surrealdb",
        "repo": "surrealdb",
        "rev": "b9f02d146da2222e14c22264283297ff678a59e2",
        "type": "github"
      },
      "original": {
        "owner": "surrealdb",
        "repo": "surrealdb",
        "type": "github"
      }
    }
  },
  "root": "root",
  "version": 7
}
